// !$*UTF8*$!
{
	archiveVersion = 1;
	classes = {
	};
	objectVersion = 50;
	objects = {

/* Begin PBXBuildFile section */
		60CE7D8624F55F840080A591 /* AppDelegate.swift in Sources */ = {isa = PBXBuildFile; fileRef = 60CE7D8524F55F840080A591 /* AppDelegate.swift */; };
		60CE7D8824F55F840080A591 /* SceneDelegate.swift in Sources */ = {isa = PBXBuildFile; fileRef = 60CE7D8724F55F840080A591 /* SceneDelegate.swift */; };
		60CE7D8A24F55F840080A591 /* ViewController.swift in Sources */ = {isa = PBXBuildFile; fileRef = 60CE7D8924F55F840080A591 /* ViewController.swift */; };
		60CE7D8D24F55F840080A591 /* Main.storyboard in Resources */ = {isa = PBXBuildFile; fileRef = 60CE7D8B24F55F840080A591 /* Main.storyboard */; };
		60CE7D8F24F55F860080A591 /* Assets.xcassets in Resources */ = {isa = PBXBuildFile; fileRef = 60CE7D8E24F55F860080A591 /* Assets.xcassets */; };
		60CE7D9224F55F860080A591 /* LaunchScreen.storyboard in Resources */ = {isa = PBXBuildFile; fileRef = 60CE7D9024F55F860080A591 /* LaunchScreen.storyboard */; };
		60CE7D9D24F55F870080A591 /* tipTests.swift in Sources */ = {isa = PBXBuildFile; fileRef = 60CE7D9C24F55F870080A591 /* tipTests.swift */; };
		60CE7DA824F55F870080A591 /* tipUITests.swift in Sources */ = {isa = PBXBuildFile; fileRef = 60CE7DA724F55F870080A591 /* tipUITests.swift */; };
/* End PBXBuildFile section */

/* Begin PBXContainerItemProxy section */
		60CE7D9924F55F870080A591 /* PBXContainerItemProxy */ = {
			isa = PBXContainerItemProxy;
			containerPortal = 60CE7D7A24F55F840080A591 /* Project object */;
			proxyType = 1;
			remoteGlobalIDString = 60CE7D8124F55F840080A591;
			remoteInfo = tip;
		};
		60CE7DA424F55F870080A591 /* PBXContainerItemProxy */ = {
			isa = PBXContainerItemProxy;
			containerPortal = 60CE7D7A24F55F840080A591 /* Project object */;
			proxyType = 1;
			remoteGlobalIDString = 60CE7D8124F55F840080A591;
			remoteInfo = tip;
		};
/* End PBXContainerItemProxy section */

/* Begin PBXFileReference section */
		60CE7D8224F55F840080A591 /* tip.app */ = {isa = PBXFileReference; explicitFileType = wrapper.application; includeInIndex = 0; path = tip.app; sourceTree = BUILT_PRODUCTS_DIR; };
		60CE7D8524F55F840080A591 /* AppDelegate.swift */ = {isa = PBXFileReference; lastKnownFileType = sourcecode.swift; path = AppDelegate.swift; sourceTree = "<group>"; };
		60CE7D8724F55F840080A591 /* SceneDelegate.swift */ = {isa = PBXFileReference; lastKnownFileType = sourcecode.swift; path = SceneDelegate.swift; sourceTree = "<group>"; };
		60CE7D8924F55F840080A591 /* ViewController.swift */ = {isa = PBXFileReference; lastKnownFileType = sourcecode.swift; path = ViewController.swift; sourceTree = "<group>"; };
		60CE7D8C24F55F840080A591 /* Base */ = {isa = PBXFileReference; lastKnownFileType = file.storyboard; name = Base; path = Base.lproj/Main.storyboard; sourceTree = "<group>"; };
		60CE7D8E24F55F860080A591 /* Assets.xcassets */ = {isa = PBXFileReference; lastKnownFileType = folder.assetcatalog; path = Assets.xcassets; sourceTree = "<group>"; };
		60CE7D9124F55F860080A591 /* Base */ = {isa = PBXFileReference; lastKnownFileType = file.storyboard; name = Base; path = Base.lproj/LaunchScreen.storyboard; sourceTree = "<group>"; };
		60CE7D9324F55F860080A591 /* Info.plist */ = {isa = PBXFileReference; lastKnownFileType = text.plist.xml; path = Info.plist; sourceTree = "<group>"; };
		60CE7D9824F55F870080A591 /* tipTests.xctest */ = {isa = PBXFileReference; explicitFileType = wrapper.cfbundle; includeInIndex = 0; path = tipTests.xctest; sourceTree = BUILT_PRODUCTS_DIR; };
		60CE7D9C24F55F870080A591 /* tipTests.swift */ = {isa = PBXFileReference; lastKnownFileType = sourcecode.swift; path = tipTests.swift; sourceTree = "<group>"; };
		60CE7D9E24F55F870080A591 /* Info.plist */ = {isa = PBXFileReference; lastKnownFileType = text.plist.xml; path = Info.plist; sourceTree = "<group>"; };
		60CE7DA324F55F870080A591 /* tipUITests.xctest */ = {isa = PBXFileReference; explicitFileType = wrapper.cfbundle; includeInIndex = 0; path = tipUITests.xctest; sourceTree = BUILT_PRODUCTS_DIR; };
		60CE7DA724F55F870080A591 /* tipUITests.swift */ = {isa = PBXFileReference; lastKnownFileType = sourcecode.swift; path = tipUITests.swift; sourceTree = "<group>"; };
		60CE7DA924F55F870080A591 /* Info.plist */ = {isa = PBXFileReference; lastKnownFileType = text.plist.xml; path = Info.plist; sourceTree = "<group>"; };
/* End PBXFileReference section */

/* Begin PBXFrameworksBuildPhase section */
		60CE7D7F24F55F840080A591 /* Frameworks */ = {
			isa = PBXFrameworksBuildPhase;
			buildActionMask = 2147483647;
			files = (
			);
			runOnlyForDeploymentPostprocessing = 0;
		};
		60CE7D9524F55F870080A591 /* Frameworks */ = {
			isa = PBXFrameworksBuildPhase;
			buildActionMask = 2147483647;
			files = (
			);
			runOnlyForDeploymentPostprocessing = 0;
		};
		60CE7DA024F55F870080A591 /* Frameworks */ = {
			isa = PBXFrameworksBuildPhase;
			buildActionMask = 2147483647;
			files = (
			);
			runOnlyForDeploymentPostprocessing = 0;
		};
/* End PBXFrameworksBuildPhase section */

/* Begin PBXGroup section */
		60CE7D7924F55F840080A591 = {
			isa = PBXGroup;
			children = (
				60CE7D8424F55F840080A591 /* tip */,
				60CE7D9B24F55F870080A591 /* tipTests */,
				60CE7DA624F55F870080A591 /* tipUITests */,
				60CE7D8324F55F840080A591 /* Products */,
			);
			sourceTree = "<group>";
		};
		60CE7D8324F55F840080A591 /* Products */ = {
			isa = PBXGroup;
			children = (
				60CE7D8224F55F840080A591 /* tip.app */,
				60CE7D9824F55F870080A591 /* tipTests.xctest */,
				60CE7DA324F55F870080A591 /* tipUITests.xctest */,
			);
			name = Products;
			sourceTree = "<group>";
		};
		60CE7D8424F55F840080A591 /* tip */ = {
			isa = PBXGroup;
			children = (
				60CE7D8524F55F840080A591 /* AppDelegate.swift */,
				60CE7D8724F55F840080A591 /* SceneDelegate.swift */,
				60CE7D8924F55F840080A591 /* ViewController.swift */,
				60CE7D8B24F55F840080A591 /* Main.storyboard */,
				60CE7D8E24F55F860080A591 /* Assets.xcassets */,
				60CE7D9024F55F860080A591 /* LaunchScreen.storyboard */,
				60CE7D9324F55F860080A591 /* Info.plist */,
			);
			path = tip;
			sourceTree = "<group>";
		};
		60CE7D9B24F55F870080A591 /* tipTests */ = {
			isa = PBXGroup;
			children = (
				60CE7D9C24F55F870080A591 /* tipTests.swift */,
				60CE7D9E24F55F870080A591 /* Info.plist */,
			);
			path = tipTests;
			sourceTree = "<group>";
		};
		60CE7DA624F55F870080A591 /* tipUITests */ = {
			isa = PBXGroup;
			children = (
				60CE7DA724F55F870080A591 /* tipUITests.swift */,
				60CE7DA924F55F870080A591 /* Info.plist */,
			);
			path = tipUITests;
			sourceTree = "<group>";
		};
/* End PBXGroup section */

/* Begin PBXNativeTarget section */
		60CE7D8124F55F840080A591 /* tip */ = {
			isa = PBXNativeTarget;
			buildConfigurationList = 60CE7DAC24F55F870080A591 /* Build configuration list for PBXNativeTarget "tip" */;
			buildPhases = (
				60CE7D7E24F55F840080A591 /* Sources */,
				60CE7D7F24F55F840080A591 /* Frameworks */,
				60CE7D8024F55F840080A591 /* Resources */,
			);
			buildRules = (
			);
			dependencies = (
			);
			name = tip;
			productName = tip;
			productReference = 60CE7D8224F55F840080A591 /* tip.app */;
			productType = "com.apple.product-type.application";
		};
		60CE7D9724F55F870080A591 /* tipTests */ = {
			isa = PBXNativeTarget;
			buildConfigurationList = 60CE7DAF24F55F870080A591 /* Build configuration list for PBXNativeTarget "tipTests" */;
			buildPhases = (
				60CE7D9424F55F870080A591 /* Sources */,
				60CE7D9524F55F870080A591 /* Frameworks */,
				60CE7D9624F55F870080A591 /* Resources */,
			);
			buildRules = (
			);
			dependencies = (
				60CE7D9A24F55F870080A591 /* PBXTargetDependency */,
			);
			name = tipTests;
			productName = tipTests;
			productReference = 60CE7D9824F55F870080A591 /* tipTests.xctest */;
			productType = "com.apple.product-type.bundle.unit-test";
		};
		60CE7DA224F55F870080A591 /* tipUITests */ = {
			isa = PBXNativeTarget;
			buildConfigurationList = 60CE7DB224F55F870080A591 /* Build configuration list for PBXNativeTarget "tipUITests" */;
			buildPhases = (
				60CE7D9F24F55F870080A591 /* Sources */,
				60CE7DA024F55F870080A591 /* Frameworks */,
				60CE7DA124F55F870080A591 /* Resources */,
			);
			buildRules = (
			);
			dependencies = (
				60CE7DA524F55F870080A591 /* PBXTargetDependency */,
			);
			name = tipUITests;
			productName = tipUITests;
			productReference = 60CE7DA324F55F870080A591 /* tipUITests.xctest */;
			productType = "com.apple.product-type.bundle.ui-testing";
		};
/* End PBXNativeTarget section */

/* Begin PBXProject section */
		60CE7D7A24F55F840080A591 /* Project object */ = {
			isa = PBXProject;
			attributes = {
				LastSwiftUpdateCheck = 1160;
				LastUpgradeCheck = 1160;
				ORGANIZATIONNAME = Codepath;
				TargetAttributes = {
					60CE7D8124F55F840080A591 = {
						CreatedOnToolsVersion = 11.6;
					};
					60CE7D9724F55F870080A591 = {
						CreatedOnToolsVersion = 11.6;
						TestTargetID = 60CE7D8124F55F840080A591;
					};
					60CE7DA224F55F870080A591 = {
						CreatedOnToolsVersion = 11.6;
						TestTargetID = 60CE7D8124F55F840080A591;
					};
				};
			};
			buildConfigurationList = 60CE7D7D24F55F840080A591 /* Build configuration list for PBXProject "tip" */;
			compatibilityVersion = "Xcode 9.3";
			developmentRegion = en;
			hasScannedForEncodings = 0;
			knownRegions = (
				en,
				Base,
			);
			mainGroup = 60CE7D7924F55F840080A591;
			productRefGroup = 60CE7D8324F55F840080A591 /* Products */;
			projectDirPath = "";
			projectRoot = "";
			targets = (
				60CE7D8124F55F840080A591 /* tip */,
				60CE7D9724F55F870080A591 /* tipTests */,
				60CE7DA224F55F870080A591 /* tipUITests */,
			);
		};
/* End PBXProject section */

/* Begin PBXResourcesBuildPhase section */
		60CE7D8024F55F840080A591 /* Resources */ = {
			isa = PBXResourcesBuildPhase;
			buildActionMask = 2147483647;
			files = (
				60CE7D9224F55F860080A591 /* LaunchScreen.storyboard in Resources */,
				60CE7D8F24F55F860080A591 /* Assets.xcassets in Resources */,
				60CE7D8D24F55F840080A591 /* Main.storyboard in Resources */,
			);
			runOnlyForDeploymentPostprocessing = 0;
		};
		60CE7D9624F55F870080A591 /* Resources */ = {
			isa = PBXResourcesBuildPhase;
			buildActionMask = 2147483647;
			files = (
			);
			runOnlyForDeploymentPostprocessing = 0;
		};
		60CE7DA124F55F870080A591 /* Resources */ = {
			isa = PBXResourcesBuildPhase;
			buildActionMask = 2147483647;
			files = (
			);
			runOnlyForDeploymentPostprocessing = 0;
		};
/* End PBXResourcesBuildPhase section */

/* Begin PBXSourcesBuildPhase section */
		60CE7D7E24F55F840080A591 /* Sources */ = {
			isa = PBXSourcesBuildPhase;
			buildActionMask = 2147483647;
			files = (
				60CE7D8A24F55F840080A591 /* ViewController.swift in Sources */,
				60CE7D8624F55F840080A591 /* AppDelegate.swift in Sources */,
				60CE7D8824F55F840080A591 /* SceneDelegate.swift in Sources */,
			);
			runOnlyForDeploymentPostprocessing = 0;
		};
		60CE7D9424F55F870080A591 /* Sources */ = {
			isa = PBXSourcesBuildPhase;
			buildActionMask = 2147483647;
			files = (
				60CE7D9D24F55F870080A591 /* tipTests.swift in Sources */,
			);
			runOnlyForDeploymentPostprocessing = 0;
		};
		60CE7D9F24F55F870080A591 /* Sources */ = {
			isa = PBXSourcesBuildPhase;
			buildActionMask = 2147483647;
			files = (
				60CE7DA824F55F870080A591 /* tipUITests.swift in Sources */,
			);
			runOnlyForDeploymentPostprocessing = 0;
		};
/* End PBXSourcesBuildPhase section */

/* Begin PBXTargetDependency section */
		60CE7D9A24F55F870080A591 /* PBXTargetDependency */ = {
			isa = PBXTargetDependency;
			target = 60CE7D8124F55F840080A591 /* tip */;
			targetProxy = 60CE7D9924F55F870080A591 /* PBXContainerItemProxy */;
		};
		60CE7DA524F55F870080A591 /* PBXTargetDependency */ = {
			isa = PBXTargetDependency;
			target = 60CE7D8124F55F840080A591 /* tip */;
			targetProxy = 60CE7DA424F55F870080A591 /* PBXContainerItemProxy */;
		};
/* End PBXTargetDependency section */

/* Begin PBXVariantGroup section */
		60CE7D8B24F55F840080A591 /* Main.storyboard */ = {
			isa = PBXVariantGroup;
			children = (
				60CE7D8C24F55F840080A591 /* Base */,
			);
			name = Main.storyboard;
			sourceTree = "<group>";
		};
		60CE7D9024F55F860080A591 /* LaunchScreen.storyboard */ = {
			isa = PBXVariantGroup;
			children = (
				60CE7D9124F55F860080A591 /* Base */,
			);
			name = LaunchScreen.storyboard;
			sourceTree = "<group>";
		};
/* End PBXVariantGroup section */

/* Begin XCBuildConfiguration section */
		60CE7DAA24F55F870080A591 /* Debug */ = {
			isa = XCBuildConfiguration;
			buildSettings = {
				ALWAYS_SEARCH_USER_PATHS = NO;
				CLANG_ANALYZER_NONNULL = YES;
				CLANG_ANALYZER_NUMBER_OBJECT_CONVERSION = YES_AGGRESSIVE;
				CLANG_CXX_LANGUAGE_STANDARD = "gnu++14";
				CLANG_CXX_LIBRARY = "libc++";
				CLANG_ENABLE_MODULES = YES;
				CLANG_ENABLE_OBJC_ARC = YES;
				CLANG_ENABLE_OBJC_WEAK = YES;
				CLANG_WARN_BLOCK_CAPTURE_AUTORELEASING = YES;
				CLANG_WARN_BOOL_CONVERSION = YES;
				CLANG_WARN_COMMA = YES;
				CLANG_WARN_CONSTANT_CONVERSION = YES;
				CLANG_WARN_DEPRECATED_OBJC_IMPLEMENTATIONS = YES;
				CLANG_WARN_DIRECT_OBJC_ISA_USAGE = YES_ERROR;
				CLANG_WARN_DOCUMENTATION_COMMENTS = YES;
				CLANG_WARN_EMPTY_BODY = YES;
				CLANG_WARN_ENUM_CONVERSION = YES;
				CLANG_WARN_INFINITE_RECURSION = YES;
				CLANG_WARN_INT_CONVERSION = YES;
				CLANG_WARN_NON_LITERAL_NULL_CONVERSION = YES;
				CLANG_WARN_OBJC_IMPLICIT_RETAIN_SELF = YES;
				CLANG_WARN_OBJC_LITERAL_CONVERSION = YES;
				CLANG_WARN_OBJC_ROOT_CLASS = YES_ERROR;
				CLANG_WARN_RANGE_LOOP_ANALYSIS = YES;
				CLANG_WARN_STRICT_PROTOTYPES = YES;
				CLANG_WARN_SUSPICIOUS_MOVE = YES;
				CLANG_WARN_UNGUARDED_AVAILABILITY = YES_AGGRESSIVE;
				CLANG_WARN_UNREACHABLE_CODE = YES;
				CLANG_WARN__DUPLICATE_METHOD_MATCH = YES;
				COPY_PHASE_STRIP = NO;
				DEBUG_INFORMATION_FORMAT = dwarf;
				ENABLE_STRICT_OBJC_MSGSEND = YES;
				ENABLE_TESTABILITY = YES;
				GCC_C_LANGUAGE_STANDARD = gnu11;
				GCC_DYNAMIC_NO_PIC = NO;
				GCC_NO_COMMON_BLOCKS = YES;
				GCC_OPTIMIZATION_LEVEL = 0;
				GCC_PREPROCESSOR_DEFINITIONS = (
					"DEBUG=1",
					"$(inherited)",
				);
				GCC_WARN_64_TO_32_BIT_CONVERSION = YES;
				GCC_WARN_ABOUT_RETURN_TYPE = YES_ERROR;
				GCC_WARN_UNDECLARED_SELECTOR = YES;
				GCC_WARN_UNINITIALIZED_AUTOS = YES_AGGRESSIVE;
				GCC_WARN_UNUSED_FUNCTION = YES;
				GCC_WARN_UNUSED_VARIABLE = YES;
				IPHONEOS_DEPLOYMENT_TARGET = 13.6;
				MTL_ENABLE_DEBUG_INFO = INCLUDE_SOURCE;
				MTL_FAST_MATH = YES;
				ONLY_ACTIVE_ARCH = YES;
				SDKROOT = iphoneos;
				SWIFT_ACTIVE_COMPILATION_CONDITIONS = DEBUG;
				SWIFT_OPTIMIZATION_LEVEL = "-Onone";
			};
			name = Debug;
		};
		60CE7DAB24F55F870080A591 /* Release */ = {
			isa = XCBuildConfiguration;
			buildSettings = {
				ALWAYS_SEARCH_USER_PATHS = NO;
				CLANG_ANALYZER_NONNULL = YES;
				CLANG_ANALYZER_NUMBER_OBJECT_CONVERSION = YES_AGGRESSIVE;
				CLANG_CXX_LANGUAGE_STANDARD = "gnu++14";
				CLANG_CXX_LIBRARY = "libc++";
				CLANG_ENABLE_MODULES = YES;
				CLANG_ENABLE_OBJC_ARC = YES;
				CLANG_ENABLE_OBJC_WEAK = YES;
				CLANG_WARN_BLOCK_CAPTURE_AUTORELEASING = YES;
				CLANG_WARN_BOOL_CONVERSION = YES;
				CLANG_WARN_COMMA = YES;
				CLANG_WARN_CONSTANT_CONVERSION = YES;
				CLANG_WARN_DEPRECATED_OBJC_IMPLEMENTATIONS = YES;
				CLANG_WARN_DIRECT_OBJC_ISA_USAGE = YES_ERROR;
				CLANG_WARN_DOCUMENTATION_COMMENTS = YES;
				CLANG_WARN_EMPTY_BODY = YES;
				CLANG_WARN_ENUM_CONVERSION = YES;
				CLANG_WARN_INFINITE_RECURSION = YES;
				CLANG_WARN_INT_CONVERSION = YES;
				CLANG_WARN_NON_LITERAL_NULL_CONVERSION = YES;
				CLANG_WARN_OBJC_IMPLICIT_RETAIN_SELF = YES;
				CLANG_WARN_OBJC_LITERAL_CONVERSION = YES;
				CLANG_WARN_OBJC_ROOT_CLASS = YES_ERROR;
				CLANG_WARN_RANGE_LOOP_ANALYSIS = YES;
				CLANG_WARN_STRICT_PROTOTYPES = YES;
				CLANG_WARN_SUSPICIOUS_MOVE = YES;
				CLANG_WARN_UNGUARDED_AVAILABILITY = YES_AGGRESSIVE;
				CLANG_WARN_UNREACHABLE_CODE = YES;
				CLANG_WARN__DUPLICATE_METHOD_MATCH = YES;
				COPY_PHASE_STRIP = NO;
				DEBUG_INFORMATION_FORMAT = "dwarf-with-dsym";
				ENABLE_NS_ASSERTIONS = NO;
				ENABLE_STRICT_OBJC_MSGSEND = YES;
				GCC_C_LANGUAGE_STANDARD = gnu11;
				GCC_NO_COMMON_BLOCKS = YES;
				GCC_WARN_64_TO_32_BIT_CONVERSION = YES;
				GCC_WARN_ABOUT_RETURN_TYPE = YES_ERROR;
				GCC_WARN_UNDECLARED_SELECTOR = YES;
				GCC_WARN_UNINITIALIZED_AUTOS = YES_AGGRESSIVE;
				GCC_WARN_UNUSED_FUNCTION = YES;
				GCC_WARN_UNUSED_VARIABLE = YES;
				IPHONEOS_DEPLOYMENT_TARGET = 13.6;
				MTL_ENABLE_DEBUG_INFO = NO;
				MTL_FAST_MATH = YES;
				SDKROOT = iphoneos;
				SWIFT_COMPILATION_MODE = wholemodule;
				SWIFT_OPTIMIZATION_LEVEL = "-O";
				VALIDATE_PRODUCT = YES;
			};
			name = Release;
		};
		60CE7DAD24F55F870080A591 /* Debug */ = {
			isa = XCBuildConfiguration;
			buildSettings = {
				ASSETCATALOG_COMPILER_APPICON_NAME = AppIcon;
				CODE_SIGN_STYLE = Automatic;
				INFOPLIST_FILE = tip/Info.plist;
				LD_RUNPATH_SEARCH_PATHS = (
					"$(inherited)",
					"@executable_path/Frameworks",
				);
				PRODUCT_BUNDLE_IDENTIFIER = Codepath.tip;
				PRODUCT_NAME = "$(TARGET_NAME)";
				SWIFT_VERSION = 5.0;
				TARGETED_DEVICE_FAMILY = "1,2";
			};
			name = Debug;
		};
		60CE7DAE24F55F870080A591 /* Release */ = {
			isa = XCBuildConfiguration;
			buildSettings = {
				ASSETCATALOG_COMPILER_APPICON_NAME = AppIcon;
				CODE_SIGN_STYLE = Automatic;
				INFOPLIST_FILE = tip/Info.plist;
				LD_RUNPATH_SEARCH_PATHS = (
					"$(inherited)",
					"@executable_path/Frameworks",
				);
				PRODUCT_BUNDLE_IDENTIFIER = Codepath.tip;
				PRODUCT_NAME = "$(TARGET_NAME)";
				SWIFT_VERSION = 5.0;
				TARGETED_DEVICE_FAMILY = "1,2";
			};
			name = Release;
		};
		60CE7DB024F55F870080A591 /* Debug */ = {
			isa = XCBuildConfiguration;
			buildSettings = {
				ALWAYS_EMBED_SWIFT_STANDARD_LIBRARIES = YES;
				BUNDLE_LOADER = "$(TEST_HOST)";
				CODE_SIGN_STYLE = Automatic;
				INFOPLIST_FILE = tipTests/Info.plist;
				IPHONEOS_DEPLOYMENT_TARGET = 13.6;
				LD_RUNPATH_SEARCH_PATHS = (
					"$(inherited)",
					"@executable_path/Frameworks",
					"@loader_path/Frameworks",
				);
				PRODUCT_BUNDLE_IDENTIFIER = Codepath.tipTests;
				PRODUCT_NAME = "$(TARGET_NAME)";
				SWIFT_VERSION = 5.0;
				TARGETED_DEVICE_FAMILY = "1,2";
				TEST_HOST = "$(BUILT_PRODUCTS_DIR)/tip.app/tip";
			};
			name = Debug;
		};
		60CE7DB124F55F870080A591 /* Release */ = {
			isa = XCBuildConfiguration;
			buildSettings = {
				ALWAYS_EMBED_SWIFT_STANDARD_LIBRARIES = YES;
				BUNDLE_LOADER = "$(TEST_HOST)";
				CODE_SIGN_STYLE = Automatic;
				INFOPLIST_FILE = tipTests/Info.plist;
				IPHONEOS_DEPLOYMENT_TARGET = 13.6;
				LD_RUNPATH_SEARCH_PATHS = (
					"$(inherited)",
					"@executable_path/Frameworks",
					"@loader_path/Frameworks",
				);
				PRODUCT_BUNDLE_IDENTIFIER = Codepath.tipTests;
				PRODUCT_NAME = "$(TARGET_NAME)";
				SWIFT_VERSION = 5.0;
				TARGETED_DEVICE_FAMILY = "1,2";
				TEST_HOST = "$(BUILT_PRODUCTS_DIR)/tip.app/tip";
			};
			name = Release;
		};
		60CE7DB324F55F870080A591 /* Debug */ = {
			isa = XCBuildConfiguration;
			buildSettings = {
				ALWAYS_EMBED_SWIFT_STANDARD_LIBRARIES = YES;
				CODE_SIGN_STYLE = Automatic;
				INFOPLIST_FILE = tipUITests/Info.plist;
				LD_RUNPATH_SEARCH_PATHS = (
					"$(inherited)",
					"@executable_path/Frameworks",
					"@loader_path/Frameworks",
				);
				PRODUCT_BUNDLE_IDENTIFIER = Codepath.tipUITests;
				PRODUCT_NAME = "$(TARGET_NAME)";
				SWIFT_VERSION = 5.0;
				TARGETED_DEVICE_FAMILY = "1,2";
				TEST_TARGET_NAME = tip;
			};
			name = Debug;
		};
		60CE7DB424F55F870080A591 /* Release */ = {
			isa = XCBuildConfiguration;
			buildSettings = {
				ALWAYS_EMBED_SWIFT_STANDARD_LIBRARIES = YES;
				CODE_SIGN_STYLE = Automatic;
				INFOPLIST_FILE = tipUITests/Info.plist;
				LD_RUNPATH_SEARCH_PATHS = (
					"$(inherited)",
					"@executable_path/Frameworks",
					"@loader_path/Frameworks",
				);
				PRODUCT_BUNDLE_IDENTIFIER = Codepath.tipUITests;
				PRODUCT_NAME = "$(TARGET_NAME)";
				SWIFT_VERSION = 5.0;
				TARGETED_DEVICE_FAMILY = "1,2";
				TEST_TARGET_NAME = tip;
			};
			name = Release;
		};
/* End XCBuildConfiguration section */

/* Begin XCConfigurationList section */
		60CE7D7D24F55F840080A591 /* Build configuration list for PBXProject "tip" */ = {
			isa = XCConfigurationList;
			buildConfigurations = (
				60CE7DAA24F55F870080A591 /* Debug */,
				60CE7DAB24F55F870080A591 /* Release */,
			);
			defaultConfigurationIsVisible = 0;
			defaultConfigurationName = Release;
		};
		60CE7DAC24F55F870080A591 /* Build configuration list for PBXNativeTarget "tip" */ = {
			isa = XCConfigurationList;
			buildConfigurations = (
				60CE7DAD24F55F870080A591 /* Debug */,
				60CE7DAE24F55F870080A591 /* Release */,
			);
			defaultConfigurationIsVisible = 0;
			defaultConfigurationName = Release;
		};
		60CE7DAF24F55F870080A591 /* Build configuration list for PBXNativeTarget "tipTests" */ = {
			isa = XCConfigurationList;
			buildConfigurations = (
				60CE7DB024F55F870080A591 /* Debug */,
				60CE7DB124F55F870080A591 /* Release */,
			);
			defaultConfigurationIsVisible = 0;
			defaultConfigurationName = Release;
		};
		60CE7DB224F55F870080A591 /* Build configuration list for PBXNativeTarget "tipUITests" */ = {
			isa = XCConfigurationList;
			buildConfigurations = (
				60CE7DB324F55F870080A591 /* Debug */,
				60CE7DB424F55F870080A591 /* Release */,
			);
			defaultConfigurationIsVisible = 0;
			defaultConfigurationName = Release;
		};
/* End XCConfigurationList section */
	};
	rootObject = 60CE7D7A24F55F840080A591 /* Project object */;
}
